PODS:
  - Alamofire (5.7.1)
  - DropDown (2.3.13)
  - PromiseKit (8.1.0):
    - PromiseKit/CorePromise (= 8.1.0)
    - PromiseKit/Foundation (= 8.1.0)
    - PromiseKit/UIKit (= 8.1.0)
  - PromiseKit/CorePromise (8.1.0)
  - PromiseKit/Foundation (8.1.0):
    - PromiseKit/CorePromise
  - PromiseKit/UIKit (8.1.0):
    - PromiseKit/CorePromise
  - SnapKit (5.6.0)
  - SwiftyJSON (5.0.1)
  - Then (3.0.0)

DEPENDENCIES:
  - Alamofire
  - DropDown
  - PromiseKit
  - SnapKit
  - SwiftyJSON
  - Then

SPEC REPOS:
  trunk:
    - Alamofire
    - DropDown
    - PromiseKit
    - SnapKit
    - SwiftyJSON
    - Then

SPEC CHECKSUMS:
  Alamofire: 0123a34370cb170936ae79a8df46cc62b2edeb88
  DropDown: 8a2116376c1981888557f72ec2ffc9a5e0e456ec
  PromiseKit: b2aa70b27a5592499347efbb4dff1169cd8ce0b2
  SnapKit: e01d52ebb8ddbc333eefe2132acf85c8227d9c25
  SwiftyJSON: 2f33a42c6fbc52764d96f13368585094bfd8aa5e
  Then: 844265ae87834bbe1147d91d5d41a404da2ec27d

PODFILE CHECKSUM: 37c6605878a1723e9483169a141eadabf00e2839

COCOAPODS: 1.12.1
